// !$*UTF8*$!
{
	archiveVersion = 1;
	classes = {
	};
	objectVersion = 46;
	objects = {

/* Begin PBXBuildFile section */
		7F00D3391FB78BFF00F8E775 /* XLActionController.framework in Frameworks */ = {isa = PBXBuildFile; fileRef = 7F00D3381FB78BFF00F8E775 /* XLActionController.framework */; };
		7F00D33F1FB7903E00F8E775 /* PeriscopeCell.xib in Resources */ = {isa = PBXBuildFile; fileRef = 7F00D33D1FB7903E00F8E775 /* PeriscopeCell.xib */; };
		7F00D3431FB791F500F8E775 /* Periscope.swift in Sources */ = {isa = PBXBuildFile; fileRef = 7F00D3421FB7916400F8E775 /* Periscope.swift */; };
		7F00D3471FB7D43D00F8E775 /* constants.swift in Sources */ = {isa = PBXBuildFile; fileRef = 7F00D3461FB7D43D00F8E775 /* constants.swift */; };
		7F00D34A1FB83DFB00F8E775 /* DataService.swift in Sources */ = {isa = PBXBuildFile; fileRef = 7F00D3491FB83DFB00F8E775 /* DataService.swift */; };
		7F00D34E1FB8E20100F8E775 /* MapSearchVC.swift in Sources */ = {isa = PBXBuildFile; fileRef = 7F00D34D1FB8E20100F8E775 /* MapSearchVC.swift */; };
		7F012D221FBA403F00EE3689 /* CustomSegues.swift in Sources */ = {isa = PBXBuildFile; fileRef = 7F012D211FBA403F00EE3689 /* CustomSegues.swift */; };
		7F0A00F31FB2EB9D002BC7C1 /* SettingsVC.swift in Sources */ = {isa = PBXBuildFile; fileRef = 7F0A00F21FB2EB9D002BC7C1 /* SettingsVC.swift */; };
		7F2378341FB279930078D7B3 /* Images.xcassets in Resources */ = {isa = PBXBuildFile; fileRef = 7F2378331FB279920078D7B3 /* Images.xcassets */; };
		7F2378441FB27F190078D7B3 /* Main.storyboard in Resources */ = {isa = PBXBuildFile; fileRef = 7F2378431FB27F190078D7B3 /* Main.storyboard */; };
		7F2378461FB27F230078D7B3 /* LoginVC.swift in Sources */ = {isa = PBXBuildFile; fileRef = 7F2378451FB27F230078D7B3 /* LoginVC.swift */; };
		7F2378481FB27F2B0078D7B3 /* AMInputView.xib in Resources */ = {isa = PBXBuildFile; fileRef = 7F2378471FB27F2B0078D7B3 /* AMInputView.xib */; };
		7F23784A1FB27F340078D7B3 /* AMInputView.swift in Sources */ = {isa = PBXBuildFile; fileRef = 7F2378491FB27F340078D7B3 /* AMInputView.swift */; };
		7F2D821F1FB2456900221743 /* GoogleService-Info.plist in Resources */ = {isa = PBXBuildFile; fileRef = 7F2D821E1FB2456900221743 /* GoogleService-Info.plist */; };
		7F2F52031FBA8DF100D4DFBC /* ImagePickerController.swift in Sources */ = {isa = PBXBuildFile; fileRef = 7F2F52011FBA8DF100D4DFBC /* ImagePickerController.swift */; };
		7F2F52041FBA8DF100D4DFBC /* ImageRow.swift in Sources */ = {isa = PBXBuildFile; fileRef = 7F2F52021FBA8DF100D4DFBC /* ImageRow.swift */; };
		7F6983AF1F8EB61E00064CD8 /* MapKit.framework in Frameworks */ = {isa = PBXBuildFile; fileRef = 7F6983AE1F8EB61E00064CD8 /* MapKit.framework */; };
		7F6983B11F8EBF9D00064CD8 /* SJSUAnnotation.swift in Sources */ = {isa = PBXBuildFile; fileRef = 7F6983B01F8EBF9D00064CD8 /* SJSUAnnotation.swift */; };
		7F8B5CBE1FBCE78500BF88E9 /* ProfileVC.swift in Sources */ = {isa = PBXBuildFile; fileRef = 7F8B5CBD1FBCE78500BF88E9 /* ProfileVC.swift */; };
		7FA2FEB71FB40AFC000EE6CF /* HomeTableVC.swift in Sources */ = {isa = PBXBuildFile; fileRef = 7FA2FEB61FB40AFC000EE6CF /* HomeTableVC.swift */; };
		7FA688BA1FB662F700850B42 /* MapStartVC.swift in Sources */ = {isa = PBXBuildFile; fileRef = 7FA688B91FB662F700850B42 /* MapStartVC.swift */; };
		7FAB30A01FB67A2F00CA2119 /* VisitAnnotationView.swift in Sources */ = {isa = PBXBuildFile; fileRef = 7FAB30951FB67A2E00CA2119 /* VisitAnnotationView.swift */; };
		7FAB30A21FB67A2F00CA2119 /* UIStackView.helpers.swift in Sources */ = {isa = PBXBuildFile; fileRef = 7FAB30971FB67A2E00CA2119 /* UIStackView.helpers.swift */; };
		7FAB30A31FB67A2F00CA2119 /* Array.helpers.swift in Sources */ = {isa = PBXBuildFile; fileRef = 7FAB30981FB67A2E00CA2119 /* Array.helpers.swift */; };
		7FAB30A41FB67A2F00CA2119 /* SettingsView.swift in Sources */ = {isa = PBXBuildFile; fileRef = 7FAB30991FB67A2E00CA2119 /* SettingsView.swift */; };
		7FAB30A51FB67A2F00CA2119 /* VisitAnnotation.swift in Sources */ = {isa = PBXBuildFile; fileRef = 7FAB309A1FB67A2E00CA2119 /* VisitAnnotation.swift */; };
		7FAB30A61FB67A2F00CA2119 /* PathPolyline.swift in Sources */ = {isa = PBXBuildFile; fileRef = 7FAB309B1FB67A2E00CA2119 /* PathPolyline.swift */; };
		7FAB30A71FB67A2F00CA2119 /* String.helpers.swift in Sources */ = {isa = PBXBuildFile; fileRef = 7FAB309C1FB67A2F00CA2119 /* String.helpers.swift */; };
		7FAB30A81FB67A2F00CA2119 /* ToggleBox.swift in Sources */ = {isa = PBXBuildFile; fileRef = 7FAB309D1FB67A2F00CA2119 /* ToggleBox.swift */; };
		7FAB30A91FB67A2F00CA2119 /* VisitCircle.swift in Sources */ = {isa = PBXBuildFile; fileRef = 7FAB309E1FB67A2F00CA2119 /* VisitCircle.swift */; };
		7FAB30AA1FB67A2F00CA2119 /* CoreLocation.helpers.swift in Sources */ = {isa = PBXBuildFile; fileRef = 7FAB309F1FB67A2F00CA2119 /* CoreLocation.helpers.swift */; };
		7FAB30AF1FB69E1A00CA2119 /* NavController.swift in Sources */ = {isa = PBXBuildFile; fileRef = 7FAB30AE1FB69E1A00CA2119 /* NavController.swift */; };
		7FB222B71FBA5B8D00F6E506 /* CustomCells.swift in Sources */ = {isa = PBXBuildFile; fileRef = 7FB222B61FBA5B8D00F6E506 /* CustomCells.swift */; };
		7FB222BB1FBA64CC00F6E506 /* CustomCLLocation.swift in Sources */ = {isa = PBXBuildFile; fileRef = 7FB222BA1FBA64CC00F6E506 /* CustomCLLocation.swift */; };
		7FBD42FA1FB2BC610068B177 /* HomeVC.swift in Sources */ = {isa = PBXBuildFile; fileRef = 7FBD42F91FB2BC610068B177 /* HomeVC.swift */; };
		7FBE4B091FB2E409000C1F65 /* NavBar.swift in Sources */ = {isa = PBXBuildFile; fileRef = 7FBE4B081FB2E409000C1F65 /* NavBar.swift */; };
		7FBE4B0B1FB2E505000C1F65 /* MapsVC.swift in Sources */ = {isa = PBXBuildFile; fileRef = 7FBE4B0A1FB2E505000C1F65 /* MapsVC.swift */; };
		7FBE4B0D1FB2E8C2000C1F65 /* NotificationsVC.swift in Sources */ = {isa = PBXBuildFile; fileRef = 7FBE4B0C1FB2E8C2000C1F65 /* NotificationsVC.swift */; };
		7FEA6F501FB96B8700D03C2D /* NewOutingVC.swift in Sources */ = {isa = PBXBuildFile; fileRef = 7FEA6F4F1FB96B8700D03C2D /* NewOutingVC.swift */; };
		7FFDCCD01FB44FBF0097552C /* HomeView.storyboard in Resources */ = {isa = PBXBuildFile; fileRef = 7FFDCCCF1FB44FBF0097552C /* HomeView.storyboard */; };
		7FFDCCD21FB4E9240097552C /* HomeViewCell.swift in Sources */ = {isa = PBXBuildFile; fileRef = 7FFDCCD11FB4E9240097552C /* HomeViewCell.swift */; };
		7FFDCCD41FB4EE810097552C /* OutingModel.swift in Sources */ = {isa = PBXBuildFile; fileRef = 7FFDCCD31FB4EE810097552C /* OutingModel.swift */; };
		8D89BFE2051B50AE32ADBE32 /* Pods_Outings.framework in Frameworks */ = {isa = PBXBuildFile; fileRef = 399FE6C519BBFE9606651354 /* Pods_Outings.framework */; };
		B091DFDE1F85A4DC00BB9ACD /* AppDelegate.swift in Sources */ = {isa = PBXBuildFile; fileRef = B091DFDD1F85A4DC00BB9ACD /* AppDelegate.swift */; };
		B091DFE01F85A4DC00BB9ACD /* MapTestVC.swift in Sources */ = {isa = PBXBuildFile; fileRef = B091DFDF1F85A4DC00BB9ACD /* MapTestVC.swift */; };
		B091DFE51F85A4DC00BB9ACD /* Assets.xcassets in Resources */ = {isa = PBXBuildFile; fileRef = B091DFE41F85A4DC00BB9ACD /* Assets.xcassets */; };
		B091DFE81F85A4DC00BB9ACD /* LaunchScreen.storyboard in Resources */ = {isa = PBXBuildFile; fileRef = B091DFE61F85A4DC00BB9ACD /* LaunchScreen.storyboard */; };
/* End PBXBuildFile section */

/* Begin PBXCopyFilesBuildPhase section */
		7F19253F1FB9690B00A292F8 /* Embed Frameworks */ = {
			isa = PBXCopyFilesBuildPhase;
			buildActionMask = 2147483647;
			dstPath = "";
			dstSubfolderSpec = 10;
			files = (
			);
			name = "Embed Frameworks";
			runOnlyForDeploymentPostprocessing = 0;
		};
		7FE455E91FBA74860063DF03 /* Embed PlugIns */ = {
			isa = PBXCopyFilesBuildPhase;
			buildActionMask = 2147483647;
			dstPath = "";
			dstSubfolderSpec = 13;
			files = (
			);
			name = "Embed PlugIns";
			runOnlyForDeploymentPostprocessing = 0;
		};
/* End PBXCopyFilesBuildPhase section */

/* Begin PBXFileReference section */
		1C1C695030653DD44CA279E2 /* Pods-Outings.release.xcconfig */ = {isa = PBXFileReference; includeInIndex = 1; lastKnownFileType = text.xcconfig; name = "Pods-Outings.release.xcconfig"; path = "Pods/Target Support Files/Pods-Outings/Pods-Outings.release.xcconfig"; sourceTree = "<group>"; };
		399FE6C519BBFE9606651354 /* Pods_Outings.framework */ = {isa = PBXFileReference; explicitFileType = wrapper.framework; includeInIndex = 0; path = Pods_Outings.framework; sourceTree = BUILT_PRODUCTS_DIR; };
		6FC1CAFC2DD965384BC6885A /* Pods-Outings.debug.xcconfig */ = {isa = PBXFileReference; includeInIndex = 1; lastKnownFileType = text.xcconfig; name = "Pods-Outings.debug.xcconfig"; path = "Pods/Target Support Files/Pods-Outings/Pods-Outings.debug.xcconfig"; sourceTree = "<group>"; };
		7F00D3381FB78BFF00F8E775 /* XLActionController.framework */ = {isa = PBXFileReference; lastKnownFileType = wrapper.framework; name = XLActionController.framework; path = Carthage/Build/iOS/XLActionController.framework; sourceTree = "<group>"; };
		7F00D33D1FB7903E00F8E775 /* PeriscopeCell.xib */ = {isa = PBXFileReference; fileEncoding = 4; lastKnownFileType = file.xib; path = PeriscopeCell.xib; sourceTree = "<group>"; };
		7F00D3421FB7916400F8E775 /* Periscope.swift */ = {isa = PBXFileReference; lastKnownFileType = sourcecode.swift; path = Periscope.swift; sourceTree = "<group>"; };
		7F00D3461FB7D43D00F8E775 /* constants.swift */ = {isa = PBXFileReference; lastKnownFileType = sourcecode.swift; path = constants.swift; sourceTree = "<group>"; };
		7F00D3491FB83DFB00F8E775 /* DataService.swift */ = {isa = PBXFileReference; lastKnownFileType = sourcecode.swift; path = DataService.swift; sourceTree = "<group>"; };
		7F00D34D1FB8E20100F8E775 /* MapSearchVC.swift */ = {isa = PBXFileReference; lastKnownFileType = sourcecode.swift; path = MapSearchVC.swift; sourceTree = "<group>"; };
		7F012D211FBA403F00EE3689 /* CustomSegues.swift */ = {isa = PBXFileReference; lastKnownFileType = sourcecode.swift; path = CustomSegues.swift; sourceTree = "<group>"; };
		7F0A00F21FB2EB9D002BC7C1 /* SettingsVC.swift */ = {isa = PBXFileReference; lastKnownFileType = sourcecode.swift; path = SettingsVC.swift; sourceTree = "<group>"; };
		7F1637F01FBA7C8B009E0A83 /* CoreFoundation.framework */ = {isa = PBXFileReference; lastKnownFileType = wrapper.framework; name = CoreFoundation.framework; path = System/Library/Frameworks/CoreFoundation.framework; sourceTree = SDKROOT; };
		7F1637F11FBA7C8C009E0A83 /* CoreLocation.framework */ = {isa = PBXFileReference; lastKnownFileType = wrapper.framework; name = CoreLocation.framework; path = System/Library/Frameworks/CoreLocation.framework; sourceTree = SDKROOT; };
		7F2378331FB279920078D7B3 /* Images.xcassets */ = {isa = PBXFileReference; lastKnownFileType = folder.assetcatalog; path = Images.xcassets; sourceTree = "<group>"; };
		7F2378431FB27F190078D7B3 /* Main.storyboard */ = {isa = PBXFileReference; fileEncoding = 4; lastKnownFileType = file.storyboard; path = Main.storyboard; sourceTree = "<group>"; };
		7F2378451FB27F230078D7B3 /* LoginVC.swift */ = {isa = PBXFileReference; fileEncoding = 4; lastKnownFileType = sourcecode.swift; path = LoginVC.swift; sourceTree = "<group>"; };
		7F2378471FB27F2B0078D7B3 /* AMInputView.xib */ = {isa = PBXFileReference; fileEncoding = 4; lastKnownFileType = file.xib; path = AMInputView.xib; sourceTree = "<group>"; };
		7F2378491FB27F340078D7B3 /* AMInputView.swift */ = {isa = PBXFileReference; fileEncoding = 4; lastKnownFileType = sourcecode.swift; path = AMInputView.swift; sourceTree = "<group>"; };
		7F2D821E1FB2456900221743 /* GoogleService-Info.plist */ = {isa = PBXFileReference; fileEncoding = 4; lastKnownFileType = text.plist.xml; path = "GoogleService-Info.plist"; sourceTree = "<group>"; };
		7F2F52011FBA8DF100D4DFBC /* ImagePickerController.swift */ = {isa = PBXFileReference; fileEncoding = 4; lastKnownFileType = sourcecode.swift; path = ImagePickerController.swift; sourceTree = "<group>"; };
		7F2F52021FBA8DF100D4DFBC /* ImageRow.swift */ = {isa = PBXFileReference; fileEncoding = 4; lastKnownFileType = sourcecode.swift; path = ImageRow.swift; sourceTree = "<group>"; };
		7F6983AE1F8EB61E00064CD8 /* MapKit.framework */ = {isa = PBXFileReference; lastKnownFileType = wrapper.framework; name = MapKit.framework; path = System/Library/Frameworks/MapKit.framework; sourceTree = SDKROOT; };
		7F6983B01F8EBF9D00064CD8 /* SJSUAnnotation.swift */ = {isa = PBXFileReference; lastKnownFileType = sourcecode.swift; path = SJSUAnnotation.swift; sourceTree = "<group>"; };
		7F8B5CBD1FBCE78500BF88E9 /* ProfileVC.swift */ = {isa = PBXFileReference; lastKnownFileType = sourcecode.swift; path = ProfileVC.swift; sourceTree = "<group>"; };
		7FA2FEB61FB40AFC000EE6CF /* HomeTableVC.swift */ = {isa = PBXFileReference; lastKnownFileType = sourcecode.swift; path = HomeTableVC.swift; sourceTree = "<group>"; };
		7FA688B91FB662F700850B42 /* MapStartVC.swift */ = {isa = PBXFileReference; lastKnownFileType = sourcecode.swift; path = MapStartVC.swift; sourceTree = "<group>"; };
		7FAB30951FB67A2E00CA2119 /* VisitAnnotationView.swift */ = {isa = PBXFileReference; fileEncoding = 4; lastKnownFileType = sourcecode.swift; path = VisitAnnotationView.swift; sourceTree = "<group>"; };
		7FAB30971FB67A2E00CA2119 /* UIStackView.helpers.swift */ = {isa = PBXFileReference; fileEncoding = 4; lastKnownFileType = sourcecode.swift; path = UIStackView.helpers.swift; sourceTree = "<group>"; };
		7FAB30981FB67A2E00CA2119 /* Array.helpers.swift */ = {isa = PBXFileReference; fileEncoding = 4; lastKnownFileType = sourcecode.swift; path = Array.helpers.swift; sourceTree = "<group>"; };
		7FAB30991FB67A2E00CA2119 /* SettingsView.swift */ = {isa = PBXFileReference; fileEncoding = 4; lastKnownFileType = sourcecode.swift; path = SettingsView.swift; sourceTree = "<group>"; };
		7FAB309A1FB67A2E00CA2119 /* VisitAnnotation.swift */ = {isa = PBXFileReference; fileEncoding = 4; lastKnownFileType = sourcecode.swift; path = VisitAnnotation.swift; sourceTree = "<group>"; };
		7FAB309B1FB67A2E00CA2119 /* PathPolyline.swift */ = {isa = PBXFileReference; fileEncoding = 4; lastKnownFileType = sourcecode.swift; path = PathPolyline.swift; sourceTree = "<group>"; };
		7FAB309C1FB67A2F00CA2119 /* String.helpers.swift */ = {isa = PBXFileReference; fileEncoding = 4; lastKnownFileType = sourcecode.swift; path = String.helpers.swift; sourceTree = "<group>"; };
		7FAB309D1FB67A2F00CA2119 /* ToggleBox.swift */ = {isa = PBXFileReference; fileEncoding = 4; lastKnownFileType = sourcecode.swift; path = ToggleBox.swift; sourceTree = "<group>"; };
		7FAB309E1FB67A2F00CA2119 /* VisitCircle.swift */ = {isa = PBXFileReference; fileEncoding = 4; lastKnownFileType = sourcecode.swift; path = VisitCircle.swift; sourceTree = "<group>"; };
		7FAB309F1FB67A2F00CA2119 /* CoreLocation.helpers.swift */ = {isa = PBXFileReference; fileEncoding = 4; lastKnownFileType = sourcecode.swift; path = CoreLocation.helpers.swift; sourceTree = "<group>"; };
		7FAB30AE1FB69E1A00CA2119 /* NavController.swift */ = {isa = PBXFileReference; lastKnownFileType = sourcecode.swift; path = NavController.swift; sourceTree = "<group>"; };
		7FB222B61FBA5B8D00F6E506 /* CustomCells.swift */ = {isa = PBXFileReference; lastKnownFileType = sourcecode.swift; path = CustomCells.swift; sourceTree = "<group>"; };
		7FB222BA1FBA64CC00F6E506 /* CustomCLLocation.swift */ = {isa = PBXFileReference; lastKnownFileType = sourcecode.swift; path = CustomCLLocation.swift; sourceTree = "<group>"; };
		7FBD42F91FB2BC610068B177 /* HomeVC.swift */ = {isa = PBXFileReference; lastKnownFileType = sourcecode.swift; path = HomeVC.swift; sourceTree = "<group>"; };
		7FBE4B081FB2E409000C1F65 /* NavBar.swift */ = {isa = PBXFileReference; lastKnownFileType = sourcecode.swift; path = NavBar.swift; sourceTree = "<group>"; };
		7FBE4B0A1FB2E505000C1F65 /* MapsVC.swift */ = {isa = PBXFileReference; lastKnownFileType = sourcecode.swift; path = MapsVC.swift; sourceTree = "<group>"; };
		7FBE4B0C1FB2E8C2000C1F65 /* NotificationsVC.swift */ = {isa = PBXFileReference; lastKnownFileType = sourcecode.swift; path = NotificationsVC.swift; sourceTree = "<group>"; };
		7FEA6F4F1FB96B8700D03C2D /* NewOutingVC.swift */ = {isa = PBXFileReference; lastKnownFileType = sourcecode.swift; path = NewOutingVC.swift; sourceTree = "<group>"; };
		7FFDCCCF1FB44FBF0097552C /* HomeView.storyboard */ = {isa = PBXFileReference; lastKnownFileType = file.storyboard; path = HomeView.storyboard; sourceTree = "<group>"; };
		7FFDCCD11FB4E9240097552C /* HomeViewCell.swift */ = {isa = PBXFileReference; lastKnownFileType = sourcecode.swift; path = HomeViewCell.swift; sourceTree = "<group>"; };
		7FFDCCD31FB4EE810097552C /* OutingModel.swift */ = {isa = PBXFileReference; lastKnownFileType = sourcecode.swift; path = OutingModel.swift; sourceTree = "<group>"; };
		B091DFDA1F85A4DC00BB9ACD /* Outings.app */ = {isa = PBXFileReference; explicitFileType = wrapper.application; includeInIndex = 0; path = Outings.app; sourceTree = BUILT_PRODUCTS_DIR; };
		B091DFDD1F85A4DC00BB9ACD /* AppDelegate.swift */ = {isa = PBXFileReference; lastKnownFileType = sourcecode.swift; path = AppDelegate.swift; sourceTree = "<group>"; };
		B091DFDF1F85A4DC00BB9ACD /* MapTestVC.swift */ = {isa = PBXFileReference; lastKnownFileType = sourcecode.swift; path = MapTestVC.swift; sourceTree = "<group>"; };
		B091DFE41F85A4DC00BB9ACD /* Assets.xcassets */ = {isa = PBXFileReference; lastKnownFileType = folder.assetcatalog; path = Assets.xcassets; sourceTree = "<group>"; };
		B091DFE71F85A4DC00BB9ACD /* Base */ = {isa = PBXFileReference; lastKnownFileType = file.storyboard; name = Base; path = Base.lproj/LaunchScreen.storyboard; sourceTree = "<group>"; };
		B091DFE91F85A4DC00BB9ACD /* Info.plist */ = {isa = PBXFileReference; lastKnownFileType = text.plist.xml; path = Info.plist; sourceTree = "<group>"; };
/* End PBXFileReference section */

/* Begin PBXFrameworksBuildPhase section */
		B091DFD71F85A4DC00BB9ACD /* Frameworks */ = {
			isa = PBXFrameworksBuildPhase;
			buildActionMask = 2147483647;
			files = (
				7F6983AF1F8EB61E00064CD8 /* MapKit.framework in Frameworks */,
				7F00D3391FB78BFF00F8E775 /* XLActionController.framework in Frameworks */,
				8D89BFE2051B50AE32ADBE32 /* Pods_Outings.framework in Frameworks */,
			);
			runOnlyForDeploymentPostprocessing = 0;
		};
/* End PBXFrameworksBuildPhase section */

/* Begin PBXGroup section */
		2636D21251CB9FE0AA024566 /* Pods */ = {
			isa = PBXGroup;
			children = (
				6FC1CAFC2DD965384BC6885A /* Pods-Outings.debug.xcconfig */,
				1C1C695030653DD44CA279E2 /* Pods-Outings.release.xcconfig */,
			);
			name = Pods;
			sourceTree = "<group>";
		};
		7F00D3411FB7915100F8E775 /* ToggleActionController */ = {
			isa = PBXGroup;
			children = (
				7F00D33D1FB7903E00F8E775 /* PeriscopeCell.xib */,
				7F00D3421FB7916400F8E775 /* Periscope.swift */,
			);
			path = ToggleActionController;
			sourceTree = "<group>";
		};
		7F00D3441FB7AC4000F8E775 /* MapMVC */ = {
			isa = PBXGroup;
			children = (
				7F00D3411FB7915100F8E775 /* ToggleActionController */,
				7FAB30AB1FB67A5200CA2119 /* ArcKit */,
				7FA688B91FB662F700850B42 /* MapStartVC.swift */,
			);
			path = MapMVC;
			sourceTree = "<group>";
		};
		7F00D3451FB7AC6A00F8E775 /* HomeMVC */ = {
			isa = PBXGroup;
			children = (
				7FA2FEB61FB40AFC000EE6CF /* HomeTableVC.swift */,
				7FFDCCD11FB4E9240097552C /* HomeViewCell.swift */,
			);
			path = HomeMVC;
			sourceTree = "<group>";
		};
		7F00D3481FB83DEA00F8E775 /* Services */ = {
			isa = PBXGroup;
			children = (
				7FFDCCD31FB4EE810097552C /* OutingModel.swift */,
				7F00D3491FB83DFB00F8E775 /* DataService.swift */,
			);
			path = Services;
			sourceTree = "<group>";
		};
		7F012D201FBA401D00EE3689 /* Helpers */ = {
			isa = PBXGroup;
			children = (
				7F2F52051FBA8E8300D4DFBC /* EurekaFormHelpers */,
				7F00D3461FB7D43D00F8E775 /* constants.swift */,
				7F012D211FBA403F00EE3689 /* CustomSegues.swift */,
			);
			path = Helpers;
			sourceTree = "<group>";
		};
		7F23784B1FB27FAB0078D7B3 /* LoginMVC */ = {
			isa = PBXGroup;
			children = (
				7F2378491FB27F340078D7B3 /* AMInputView.swift */,
				7F2378471FB27F2B0078D7B3 /* AMInputView.xib */,
				7F2378451FB27F230078D7B3 /* LoginVC.swift */,
			);
			path = LoginMVC;
			sourceTree = "<group>";
		};
		7F2F52051FBA8E8300D4DFBC /* EurekaFormHelpers */ = {
			isa = PBXGroup;
			children = (
				7FB222B61FBA5B8D00F6E506 /* CustomCells.swift */,
				7F2F52011FBA8DF100D4DFBC /* ImagePickerController.swift */,
				7F2F52021FBA8DF100D4DFBC /* ImageRow.swift */,
			);
			path = EurekaFormHelpers;
			sourceTree = "<group>";
		};
		7F6983AB1F8EB61E00064CD8 /* Frameworks */ = {
			isa = PBXGroup;
			children = (
				7F1637F01FBA7C8B009E0A83 /* CoreFoundation.framework */,
				7F1637F11FBA7C8C009E0A83 /* CoreLocation.framework */,
				7F00D3381FB78BFF00F8E775 /* XLActionController.framework */,
				7F6983AE1F8EB61E00064CD8 /* MapKit.framework */,
				399FE6C519BBFE9606651354 /* Pods_Outings.framework */,
			);
			name = Frameworks;
			sourceTree = "<group>";
		};
		7FAB30AB1FB67A5200CA2119 /* ArcKit */ = {
			isa = PBXGroup;
			children = (
				7FAB30991FB67A2E00CA2119 /* SettingsView.swift */,
				7FAB30AC1FB67A7400CA2119 /* Helpers */,
			);
			path = ArcKit;
			sourceTree = "<group>";
		};
		7FAB30AC1FB67A7400CA2119 /* Helpers */ = {
			isa = PBXGroup;
			children = (
				7FAB309B1FB67A2E00CA2119 /* PathPolyline.swift */,
				7FAB309D1FB67A2F00CA2119 /* ToggleBox.swift */,
				7FAB309A1FB67A2E00CA2119 /* VisitAnnotation.swift */,
				7FAB30951FB67A2E00CA2119 /* VisitAnnotationView.swift */,
				7FAB309E1FB67A2F00CA2119 /* VisitCircle.swift */,
				7FAB30981FB67A2E00CA2119 /* Array.helpers.swift */,
				7FAB309F1FB67A2F00CA2119 /* CoreLocation.helpers.swift */,
				7FAB309C1FB67A2F00CA2119 /* String.helpers.swift */,
				7FAB30971FB67A2E00CA2119 /* UIStackView.helpers.swift */,
			);
			path = Helpers;
			sourceTree = "<group>";
		};
		7FB222BC1FBA687700F6E506 /* Prototyping */ = {
			isa = PBXGroup;
			children = (
				7FFDCCCF1FB44FBF0097552C /* HomeView.storyboard */,
				7F00D34D1FB8E20100F8E775 /* MapSearchVC.swift */,
				B091DFDF1F85A4DC00BB9ACD /* MapTestVC.swift */,
				7F6983B01F8EBF9D00064CD8 /* SJSUAnnotation.swift */,
				7FB222BA1FBA64CC00F6E506 /* CustomCLLocation.swift */,
			);
			path = Prototyping;
			sourceTree = "<group>";
		};
		7FBD42F81FB2BC080068B177 /* TabMVC */ = {
			isa = PBXGroup;
			children = (
				7F00D3441FB7AC4000F8E775 /* MapMVC */,
				7F00D3451FB7AC6A00F8E775 /* HomeMVC */,
				7FEA6F4F1FB96B8700D03C2D /* NewOutingVC.swift */,
				7FAB30AE1FB69E1A00CA2119 /* NavController.swift */,
				7FBE4B081FB2E409000C1F65 /* NavBar.swift */,
				7FBD42F91FB2BC610068B177 /* HomeVC.swift */,
				7FBE4B0A1FB2E505000C1F65 /* MapsVC.swift */,
				7FBE4B0C1FB2E8C2000C1F65 /* NotificationsVC.swift */,
				7F0A00F21FB2EB9D002BC7C1 /* SettingsVC.swift */,
			);
			path = TabMVC;
			sourceTree = "<group>";
		};
		B091DFD11F85A4DC00BB9ACD = {
			isa = PBXGroup;
			children = (
				B091DFDC1F85A4DC00BB9ACD /* Outings */,
				B091DFDB1F85A4DC00BB9ACD /* Products */,
				7F6983AB1F8EB61E00064CD8 /* Frameworks */,
				2636D21251CB9FE0AA024566 /* Pods */,
			);
			sourceTree = "<group>";
		};
		B091DFDB1F85A4DC00BB9ACD /* Products */ = {
			isa = PBXGroup;
			children = (
				B091DFDA1F85A4DC00BB9ACD /* Outings.app */,
			);
			name = Products;
			sourceTree = "<group>";
		};
		B091DFDC1F85A4DC00BB9ACD /* Outings */ = {
			isa = PBXGroup;
			children = (
				7F00D3481FB83DEA00F8E775 /* Services */,
				7F23784B1FB27FAB0078D7B3 /* LoginMVC */,
				7FBD42F81FB2BC080068B177 /* TabMVC */,
				7FB222BC1FBA687700F6E506 /* Prototyping */,
				7F012D201FBA401D00EE3689 /* Helpers */,
				B091DFDD1F85A4DC00BB9ACD /* AppDelegate.swift */,
				7F2378431FB27F190078D7B3 /* Main.storyboard */,
				7F8B5CBD1FBCE78500BF88E9 /* ProfileVC.swift */,
				B091DFE61F85A4DC00BB9ACD /* LaunchScreen.storyboard */,
				B091DFE41F85A4DC00BB9ACD /* Assets.xcassets */,
				7F2378331FB279920078D7B3 /* Images.xcassets */,
				B091DFE91F85A4DC00BB9ACD /* Info.plist */,
				7F2D821E1FB2456900221743 /* GoogleService-Info.plist */,
			);
			path = Outings;
			sourceTree = "<group>";
		};
/* End PBXGroup section */

/* Begin PBXNativeTarget section */
		B091DFD91F85A4DC00BB9ACD /* Outings */ = {
			isa = PBXNativeTarget;
			buildConfigurationList = B091DFEC1F85A4DC00BB9ACD /* Build configuration list for PBXNativeTarget "Outings" */;
			buildPhases = (
				CB0E261E5E10C3D7320200C7 /* [CP] Check Pods Manifest.lock */,
				B091DFD61F85A4DC00BB9ACD /* Sources */,
				B091DFD71F85A4DC00BB9ACD /* Frameworks */,
				B091DFD81F85A4DC00BB9ACD /* Resources */,
				B8A3EBF9AAA6A617AA407673 /* [CP] Embed Pods Frameworks */,
				0767C52147FF77D8EC6BD96C /* [CP] Copy Pods Resources */,
				7F00D33A1FB78C3A00F8E775 /* ShellScript */,
				7F19253F1FB9690B00A292F8 /* Embed Frameworks */,
				7FE455E91FBA74860063DF03 /* Embed PlugIns */,
			);
			buildRules = (
			);
			dependencies = (
			);
			name = Outings;
			productName = Outings;
			productReference = B091DFDA1F85A4DC00BB9ACD /* Outings.app */;
			productType = "com.apple.product-type.application";
		};
/* End PBXNativeTarget section */

/* Begin PBXProject section */
		B091DFD21F85A4DC00BB9ACD /* Project object */ = {
			isa = PBXProject;
			attributes = {
				LastSwiftUpdateCheck = 0830;
				LastUpgradeCheck = 0910;
				ORGANIZATIONNAME = OutingsCo;
				TargetAttributes = {
					B091DFD91F85A4DC00BB9ACD = {
						CreatedOnToolsVersion = 8.3.3;
						DevelopmentTeam = 6WA6Y7KBQJ;
						LastSwiftMigration = 0900;
						ProvisioningStyle = Automatic;
						SystemCapabilities = {
							com.apple.Maps.iOS = {
								enabled = 1;
							};
						};
					};
				};
			};
			buildConfigurationList = B091DFD51F85A4DC00BB9ACD /* Build configuration list for PBXProject "Outings" */;
			compatibilityVersion = "Xcode 3.2";
			developmentRegion = English;
			hasScannedForEncodings = 0;
			knownRegions = (
				en,
				Base,
			);
			mainGroup = B091DFD11F85A4DC00BB9ACD;
			productRefGroup = B091DFDB1F85A4DC00BB9ACD /* Products */;
			projectDirPath = "";
			projectRoot = "";
			targets = (
				B091DFD91F85A4DC00BB9ACD /* Outings */,
			);
		};
/* End PBXProject section */

/* Begin PBXResourcesBuildPhase section */
		B091DFD81F85A4DC00BB9ACD /* Resources */ = {
			isa = PBXResourcesBuildPhase;
			buildActionMask = 2147483647;
			files = (
				B091DFE81F85A4DC00BB9ACD /* LaunchScreen.storyboard in Resources */,
				7FFDCCD01FB44FBF0097552C /* HomeView.storyboard in Resources */,
				7F2378441FB27F190078D7B3 /* Main.storyboard in Resources */,
				7F2378341FB279930078D7B3 /* Images.xcassets in Resources */,
				7F00D33F1FB7903E00F8E775 /* PeriscopeCell.xib in Resources */,
				7F2378481FB27F2B0078D7B3 /* AMInputView.xib in Resources */,
				7F2D821F1FB2456900221743 /* GoogleService-Info.plist in Resources */,
				B091DFE51F85A4DC00BB9ACD /* Assets.xcassets in Resources */,
			);
			runOnlyForDeploymentPostprocessing = 0;
		};
/* End PBXResourcesBuildPhase section */

/* Begin PBXShellScriptBuildPhase section */
		0767C52147FF77D8EC6BD96C /* [CP] Copy Pods Resources */ = {
			isa = PBXShellScriptBuildPhase;
			buildActionMask = 2147483647;
			files = (
			);
			inputPaths = (
			);
			name = "[CP] Copy Pods Resources";
			outputPaths = (
			);
			runOnlyForDeploymentPostprocessing = 0;
			shellPath = /bin/sh;
			shellScript = "\"${SRCROOT}/Pods/Target Support Files/Pods-Outings/Pods-Outings-resources.sh\"\n";
			showEnvVarsInLog = 0;
		};
		7F00D33A1FB78C3A00F8E775 /* ShellScript */ = {
			isa = PBXShellScriptBuildPhase;
			buildActionMask = 2147483647;
			files = (
			);
			inputPaths = (
				"$(SRCROOT)/Carthage/Build/iOS/XLActionController.framework",
			);
			outputPaths = (
			);
			runOnlyForDeploymentPostprocessing = 0;
			shellPath = /bin/sh;
			shellScript = "/usr/local/bin/carthage copy-frameworks";
		};
		B8A3EBF9AAA6A617AA407673 /* [CP] Embed Pods Frameworks */ = {
			isa = PBXShellScriptBuildPhase;
			buildActionMask = 2147483647;
			files = (
			);
			inputPaths = (
			);
			name = "[CP] Embed Pods Frameworks";
			outputPaths = (
			);
			runOnlyForDeploymentPostprocessing = 0;
			shellPath = /bin/sh;
			shellScript = "\"${SRCROOT}/Pods/Target Support Files/Pods-Outings/Pods-Outings-frameworks.sh\"\n";
			showEnvVarsInLog = 0;
		};
		CB0E261E5E10C3D7320200C7 /* [CP] Check Pods Manifest.lock */ = {
			isa = PBXShellScriptBuildPhase;
			buildActionMask = 2147483647;
			files = (
			);
			inputPaths = (
			);
			name = "[CP] Check Pods Manifest.lock";
			outputPaths = (
			);
			runOnlyForDeploymentPostprocessing = 0;
			shellPath = /bin/sh;
			shellScript = "diff \"${PODS_ROOT}/../Podfile.lock\" \"${PODS_ROOT}/Manifest.lock\" > /dev/null\nif [ $? != 0 ] ; then\n    # print error to STDERR\n    echo \"error: The sandbox is not in sync with the Podfile.lock. Run 'pod install' or update your CocoaPods installation.\" >&2\n    exit 1\nfi\n";
			showEnvVarsInLog = 0;
		};
/* End PBXShellScriptBuildPhase section */

/* Begin PBXSourcesBuildPhase section */
		B091DFD61F85A4DC00BB9ACD /* Sources */ = {
			isa = PBXSourcesBuildPhase;
			buildActionMask = 2147483647;
			files = (
				7F2F52041FBA8DF100D4DFBC /* ImageRow.swift in Sources */,
				7FAB30A81FB67A2F00CA2119 /* ToggleBox.swift in Sources */,
				B091DFE01F85A4DC00BB9ACD /* MapTestVC.swift in Sources */,
				7F00D3471FB7D43D00F8E775 /* constants.swift in Sources */,
				7FBE4B0D1FB2E8C2000C1F65 /* NotificationsVC.swift in Sources */,
				7FB222BB1FBA64CC00F6E506 /* CustomCLLocation.swift in Sources */,
				7FAB30A51FB67A2F00CA2119 /* VisitAnnotation.swift in Sources */,
				7FBE4B0B1FB2E505000C1F65 /* MapsVC.swift in Sources */,
				7FAB30A21FB67A2F00CA2119 /* UIStackView.helpers.swift in Sources */,
				7F00D34E1FB8E20100F8E775 /* MapSearchVC.swift in Sources */,
				B091DFDE1F85A4DC00BB9ACD /* AppDelegate.swift in Sources */,
				7FEA6F501FB96B8700D03C2D /* NewOutingVC.swift in Sources */,
				7F8B5CBE1FBCE78500BF88E9 /* ProfileVC.swift in Sources */,
				7FA688BA1FB662F700850B42 /* MapStartVC.swift in Sources */,
				7FA2FEB71FB40AFC000EE6CF /* HomeTableVC.swift in Sources */,
				7F2F52031FBA8DF100D4DFBC /* ImagePickerController.swift in Sources */,
				7FFDCCD21FB4E9240097552C /* HomeViewCell.swift in Sources */,
				7FFDCCD41FB4EE810097552C /* OutingModel.swift in Sources */,
				7F2378461FB27F230078D7B3 /* LoginVC.swift in Sources */,
				7FBD42FA1FB2BC610068B177 /* HomeVC.swift in Sources */,
				7FAB30A91FB67A2F00CA2119 /* VisitCircle.swift in Sources */,
				7F00D34A1FB83DFB00F8E775 /* DataService.swift in Sources */,
				7FBE4B091FB2E409000C1F65 /* NavBar.swift in Sources */,
				7FAB30A31FB67A2F00CA2119 /* Array.helpers.swift in Sources */,
				7FAB30A61FB67A2F00CA2119 /* PathPolyline.swift in Sources */,
				7F23784A1FB27F340078D7B3 /* AMInputView.swift in Sources */,
				7F6983B11F8EBF9D00064CD8 /* SJSUAnnotation.swift in Sources */,
				7F0A00F31FB2EB9D002BC7C1 /* SettingsVC.swift in Sources */,
				7FAB30AA1FB67A2F00CA2119 /* CoreLocation.helpers.swift in Sources */,
				7FAB30A01FB67A2F00CA2119 /* VisitAnnotationView.swift in Sources */,
				7FB222B71FBA5B8D00F6E506 /* CustomCells.swift in Sources */,
				7F00D3431FB791F500F8E775 /* Periscope.swift in Sources */,
				7F012D221FBA403F00EE3689 /* CustomSegues.swift in Sources */,
				7FAB30A41FB67A2F00CA2119 /* SettingsView.swift in Sources */,
				7FAB30A71FB67A2F00CA2119 /* String.helpers.swift in Sources */,
				7FAB30AF1FB69E1A00CA2119 /* NavController.swift in Sources */,
			);
			runOnlyForDeploymentPostprocessing = 0;
		};
/* End PBXSourcesBuildPhase section */

/* Begin PBXVariantGroup section */
		B091DFE61F85A4DC00BB9ACD /* LaunchScreen.storyboard */ = {
			isa = PBXVariantGroup;
			children = (
				B091DFE71F85A4DC00BB9ACD /* Base */,
			);
			name = LaunchScreen.storyboard;
			sourceTree = "<group>";
		};
/* End PBXVariantGroup section */

/* Begin XCBuildConfiguration section */
		B091DFEA1F85A4DC00BB9ACD /* Debug */ = {
			isa = XCBuildConfiguration;
			buildSettings = {
				ALWAYS_SEARCH_USER_PATHS = NO;
				CLANG_ANALYZER_NONNULL = YES;
				CLANG_ANALYZER_NUMBER_OBJECT_CONVERSION = YES_AGGRESSIVE;
				CLANG_CXX_LANGUAGE_STANDARD = "gnu++0x";
				CLANG_CXX_LIBRARY = "libc++";
				CLANG_ENABLE_MODULES = YES;
				CLANG_ENABLE_OBJC_ARC = YES;
				CLANG_WARN_BLOCK_CAPTURE_AUTORELEASING = YES;
				CLANG_WARN_BOOL_CONVERSION = YES;
				CLANG_WARN_COMMA = YES;
				CLANG_WARN_CONSTANT_CONVERSION = YES;
				CLANG_WARN_DIRECT_OBJC_ISA_USAGE = YES_ERROR;
				CLANG_WARN_DOCUMENTATION_COMMENTS = YES;
				CLANG_WARN_EMPTY_BODY = YES;
				CLANG_WARN_ENUM_CONVERSION = YES;
				CLANG_WARN_INFINITE_RECURSION = YES;
				CLANG_WARN_INT_CONVERSION = YES;
				CLANG_WARN_NON_LITERAL_NULL_CONVERSION = YES;
				CLANG_WARN_OBJC_LITERAL_CONVERSION = YES;
				CLANG_WARN_OBJC_ROOT_CLASS = YES_ERROR;
				CLANG_WARN_RANGE_LOOP_ANALYSIS = YES;
				CLANG_WARN_STRICT_PROTOTYPES = YES;
				CLANG_WARN_SUSPICIOUS_MOVE = YES;
				CLANG_WARN_UNREACHABLE_CODE = YES;
				CLANG_WARN__DUPLICATE_METHOD_MATCH = YES;
				"CODE_SIGN_IDENTITY[sdk=iphoneos*]" = "iPhone Developer";
				COPY_PHASE_STRIP = NO;
				DEBUG_INFORMATION_FORMAT = dwarf;
				ENABLE_STRICT_OBJC_MSGSEND = YES;
				ENABLE_TESTABILITY = YES;
				GCC_C_LANGUAGE_STANDARD = gnu99;
				GCC_DYNAMIC_NO_PIC = NO;
				GCC_NO_COMMON_BLOCKS = YES;
				GCC_OPTIMIZATION_LEVEL = 0;
				GCC_PREPROCESSOR_DEFINITIONS = (
					"DEBUG=1",
					"$(inherited)",
				);
				GCC_WARN_64_TO_32_BIT_CONVERSION = YES;
				GCC_WARN_ABOUT_RETURN_TYPE = YES_ERROR;
				GCC_WARN_UNDECLARED_SELECTOR = YES;
				GCC_WARN_UNINITIALIZED_AUTOS = YES_AGGRESSIVE;
				GCC_WARN_UNUSED_FUNCTION = YES;
				GCC_WARN_UNUSED_VARIABLE = YES;
				IPHONEOS_DEPLOYMENT_TARGET = 10.3;
				MTL_ENABLE_DEBUG_INFO = YES;
				ONLY_ACTIVE_ARCH = YES;
				SDKROOT = iphoneos;
				SWIFT_ACTIVE_COMPILATION_CONDITIONS = DEBUG;
				SWIFT_OPTIMIZATION_LEVEL = "-Onone";
				TARGETED_DEVICE_FAMILY = "1,2";
			};
			name = Debug;
		};
		B091DFEB1F85A4DC00BB9ACD /* Release */ = {
			isa = XCBuildConfiguration;
			buildSettings = {
				ALWAYS_SEARCH_USER_PATHS = NO;
				CLANG_ANALYZER_NONNULL = YES;
				CLANG_ANALYZER_NUMBER_OBJECT_CONVERSION = YES_AGGRESSIVE;
				CLANG_CXX_LANGUAGE_STANDARD = "gnu++0x";
				CLANG_CXX_LIBRARY = "libc++";
				CLANG_ENABLE_MODULES = YES;
				CLANG_ENABLE_OBJC_ARC = YES;
				CLANG_WARN_BLOCK_CAPTURE_AUTORELEASING = YES;
				CLANG_WARN_BOOL_CONVERSION = YES;
				CLANG_WARN_COMMA = YES;
				CLANG_WARN_CONSTANT_CONVERSION = YES;
				CLANG_WARN_DIRECT_OBJC_ISA_USAGE = YES_ERROR;
				CLANG_WARN_DOCUMENTATION_COMMENTS = YES;
				CLANG_WARN_EMPTY_BODY = YES;
				CLANG_WARN_ENUM_CONVERSION = YES;
				CLANG_WARN_INFINITE_RECURSION = YES;
				CLANG_WARN_INT_CONVERSION = YES;
				CLANG_WARN_NON_LITERAL_NULL_CONVERSION = YES;
				CLANG_WARN_OBJC_LITERAL_CONVERSION = YES;
				CLANG_WARN_OBJC_ROOT_CLASS = YES_ERROR;
				CLANG_WARN_RANGE_LOOP_ANALYSIS = YES;
				CLANG_WARN_STRICT_PROTOTYPES = YES;
				CLANG_WARN_SUSPICIOUS_MOVE = YES;
				CLANG_WARN_UNREACHABLE_CODE = YES;
				CLANG_WARN__DUPLICATE_METHOD_MATCH = YES;
				"CODE_SIGN_IDENTITY[sdk=iphoneos*]" = "iPhone Developer";
				COPY_PHASE_STRIP = NO;
				DEBUG_INFORMATION_FORMAT = "dwarf-with-dsym";
				ENABLE_NS_ASSERTIONS = NO;
				ENABLE_STRICT_OBJC_MSGSEND = YES;
				GCC_C_LANGUAGE_STANDARD = gnu99;
				GCC_NO_COMMON_BLOCKS = YES;
				GCC_WARN_64_TO_32_BIT_CONVERSION = YES;
				GCC_WARN_ABOUT_RETURN_TYPE = YES_ERROR;
				GCC_WARN_UNDECLARED_SELECTOR = YES;
				GCC_WARN_UNINITIALIZED_AUTOS = YES_AGGRESSIVE;
				GCC_WARN_UNUSED_FUNCTION = YES;
				GCC_WARN_UNUSED_VARIABLE = YES;
				IPHONEOS_DEPLOYMENT_TARGET = 10.3;
				MTL_ENABLE_DEBUG_INFO = NO;
				SDKROOT = iphoneos;
				SWIFT_OPTIMIZATION_LEVEL = "-Owholemodule";
				TARGETED_DEVICE_FAMILY = "1,2";
				VALIDATE_PRODUCT = YES;
			};
			name = Release;
		};
		B091DFED1F85A4DC00BB9ACD /* Debug */ = {
			isa = XCBuildConfiguration;
			baseConfigurationReference = 6FC1CAFC2DD965384BC6885A /* Pods-Outings.debug.xcconfig */;
			buildSettings = {
				ALWAYS_EMBED_SWIFT_STANDARD_LIBRARIES = YES;
				ASSETCATALOG_COMPILER_APPICON_NAME = AppIcon;
				DEVELOPMENT_TEAM = 6WA6Y7KBQJ;
				FRAMEWORK_SEARCH_PATHS = (
					"$(inherited)",
					"$(PROJECT_DIR)",
					"$(PROJECT_DIR)/Carthage/Build/iOS",
					"$(SRCROOT)",
					"~/Documents/FacebookSDK",
				);
				INFOPLIST_FILE = Outings/Info.plist;
				IPHONEOS_DEPLOYMENT_TARGET = 11.0;
				LD_RUNPATH_SEARCH_PATHS = "$(inherited) @executable_path/Frameworks";
				PRODUCT_BUNDLE_IDENTIFIER = outingsco.Outings;
				PRODUCT_NAME = "$(TARGET_NAME)";
				SWIFT_REFLECTION_METADATA_LEVEL = none;
				SWIFT_SWIFT3_OBJC_INFERENCE = Default;
				SWIFT_VERSION = 4.0;
				TARGETED_DEVICE_FAMILY = 1;
			};
			name = Debug;
		};
		B091DFEE1F85A4DC00BB9ACD /* Release */ = {
			isa = XCBuildConfiguration;
			baseConfigurationReference = 1C1C695030653DD44CA279E2 /* Pods-Outings.release.xcconfig */;
			buildSettings = {
				ALWAYS_EMBED_SWIFT_STANDARD_LIBRARIES = YES;
				ASSETCATALOG_COMPILER_APPICON_NAME = AppIcon;
				DEVELOPMENT_TEAM = 6WA6Y7KBQJ;
				FRAMEWORK_SEARCH_PATHS = (
					"$(inherited)",
					"$(PROJECT_DIR)",
					"$(PROJECT_DIR)/Carthage/Build/iOS",
					"$(SRCROOT)",
					"~/Documents/FacebookSDK",
				);
				INFOPLIST_FILE = Outings/Info.plist;
				IPHONEOS_DEPLOYMENT_TARGET = 11.0;
				LD_RUNPATH_SEARCH_PATHS = "$(inherited) @executable_path/Frameworks";
				PRODUCT_BUNDLE_IDENTIFIER = outingsco.Outings;
				PRODUCT_NAME = "$(TARGET_NAME)";
				SWIFT_REFLECTION_METADATA_LEVEL = none;
				SWIFT_SWIFT3_OBJC_INFERENCE = Default;
				SWIFT_VERSION = 4.0;
				TARGETED_DEVICE_FAMILY = 1;
			};
			name = Release;
		};
/* End XCBuildConfiguration section */

/* Begin XCConfigurationList section */
		B091DFD51F85A4DC00BB9ACD /* Build configuration list for PBXProject "Outings" */ = {
			isa = XCConfigurationList;
			buildConfigurations = (
				B091DFEA1F85A4DC00BB9ACD /* Debug */,
				B091DFEB1F85A4DC00BB9ACD /* Release */,
			);
			defaultConfigurationIsVisible = 0;
			defaultConfigurationName = Release;
		};
		B091DFEC1F85A4DC00BB9ACD /* Build configuration list for PBXNativeTarget "Outings" */ = {
			isa = XCConfigurationList;
			buildConfigurations = (
				B091DFED1F85A4DC00BB9ACD /* Debug */,
				B091DFEE1F85A4DC00BB9ACD /* Release */,
			);
			defaultConfigurationIsVisible = 0;
			defaultConfigurationName = Release;
		};
/* End XCConfigurationList section */
	};
	rootObject = B091DFD21F85A4DC00BB9ACD /* Project object */;
}
